{
  "name": "homework6",
  "version": "1.0.0",
  "lockfileVersion": 1,
  "requires": true,
  "dependencies": {
    "@polka/url": {
      "version": "1.0.0-next.24",
      "resolved": "https://registry.npmjs.org/@polka/url/-/url-1.0.0-next.24.tgz",
      "integrity": "sha512-2LuNTFBIO0m7kKIQvvPHN6UE63VjpmL9rnEEaOOaiSPbZK+zUOYIzBAWcED+3XYzhYsd/0mD57VdxAEqqV52CQ=="
    },
    "@sindresorhus/is": {
      "version": "6.1.0",
      "resolved": "https://registry.npmjs.org/@sindresorhus/is/-/is-6.1.0.tgz",
      "integrity": "sha512-BuvU07zq3tQ/2SIgBsEuxKYDyDjC0n7Zir52bpHy2xnBbW81+po43aLFPLbeV3HRAheFbGud1qgcqSYfhtHMAg=="
    },
    "@szmarczak/http-timer": {
      "version": "5.0.1",
      "resolved": "https://registry.npmjs.org/@szmarczak/http-timer/-/http-timer-5.0.1.tgz",
      "integrity": "sha512-+PmQX0PiAYPMeVYe237LJAYvOMYW1j2rH5YROyS3b4CTVJum34HfRvKvAzozHAQG0TnHNdUfY9nCeUyRAs//cw==",
      "requires": {
        "defer-to-connect": "^2.0.1"
      }
    },
    "@tinyhttp/accepts": {
      "version": "2.2.1",
      "resolved": "https://registry.npmjs.org/@tinyhttp/accepts/-/accepts-2.2.1.tgz",
      "integrity": "sha512-2DHJLSJX1gqR5F6nKuu7+hyCNoPRNOxvnQ11m0X8klkSVoBFBO2HMf3bJ8P+fmNv1e6RjHzHF+G+hJ3dxXIQXQ==",
      "requires": {
        "mime": "4.0.1",
        "negotiator": "^0.6.3"
      }
    },
    "@tinyhttp/app": {
      "version": "2.2.3",
      "resolved": "https://registry.npmjs.org/@tinyhttp/app/-/app-2.2.3.tgz",
      "integrity": "sha512-njr499Tx9BwlnIGfJjTuqfPwaUSTsjhUeRq/jVtHJpS95UgWECH7kiq8+bEx6TFRXiNKpARZ6KJUemlMyV+iCg==",
      "requires": {
        "@tinyhttp/cookie": "2.1.0",
        "@tinyhttp/proxy-addr": "2.1.3",
        "@tinyhttp/req": "2.2.2",
        "@tinyhttp/res": "2.2.2",
        "@tinyhttp/router": "2.2.2",
        "header-range-parser": "1.1.3",
        "regexparam": "^2.0.1"
      }
    },
    "@tinyhttp/content-disposition": {
      "version": "2.2.0",
      "resolved": "https://registry.npmjs.org/@tinyhttp/content-disposition/-/content-disposition-2.2.0.tgz",
      "integrity": "sha512-w1dJaSAtcCinOlT/YQg35RnFCOBbCHBGDVhH4yLoiJVtecRAJ2cYMf5HP+UhfbXURa38GC8fkRXO0vODDTjmeg=="
    },
    "@tinyhttp/content-type": {
      "version": "0.1.4",
      "resolved": "https://registry.npmjs.org/@tinyhttp/content-type/-/content-type-0.1.4.tgz",
      "integrity": "sha512-dl6f3SHIJPYbhsW1oXdrqOmLSQF/Ctlv3JnNfXAE22kIP7FosqJHxkz/qj2gv465prG8ODKH5KEyhBkvwrueKQ=="
    },
    "@tinyhttp/cookie": {
      "version": "2.1.0",
      "resolved": "https://registry.npmjs.org/@tinyhttp/cookie/-/cookie-2.1.0.tgz",
      "integrity": "sha512-o56utxXvIuLTCtPm66r8lcyUufpw0RkO+u4wQrTbc6snyyGZZ9hHzGRxPyko0ks90ctOkLh0mNKn7YZaTWlvfw=="
    },
    "@tinyhttp/cookie-signature": {
      "version": "2.1.0",
      "resolved": "https://registry.npmjs.org/@tinyhttp/cookie-signature/-/cookie-signature-2.1.0.tgz",
      "integrity": "sha512-bpOXBGf9rKoajtEG75O7xjwW+u2I/NNPkJWJTDdr6j7Vx0lG5R9Hnl3ty80Af4jwyo90ywXVpZIxKLubPK6RzA=="
    },
    "@tinyhttp/cors": {
      "version": "2.0.0",
      "resolved": "https://registry.npmjs.org/@tinyhttp/cors/-/cors-2.0.0.tgz",
      "integrity": "sha512-IwQsPBnK+gRrhTsPA4FPOfbNzZZt8cVsOIMNFb6HzoScaiWcoLEogL0Bz/aBSm8KM13uieVXoVT6udMqhqUS2A==",
      "requires": {
        "es-vary": "^0.1.1"
      }
    },
    "@tinyhttp/encode-url": {
      "version": "2.1.1",
      "resolved": "https://registry.npmjs.org/@tinyhttp/encode-url/-/encode-url-2.1.1.tgz",
      "integrity": "sha512-AhY+JqdZ56qV77tzrBm0qThXORbsVjs/IOPgGCS7x/wWnsa/Bx30zDUU/jPAUcSzNOzt860x9fhdGpzdqbUeUw=="
    },
    "@tinyhttp/etag": {
      "version": "2.1.1",
      "resolved": "https://registry.npmjs.org/@tinyhttp/etag/-/etag-2.1.1.tgz",
      "integrity": "sha512-AcHGK1nMlKIHmlbg8bb8UY/KhiaAX17SAn3/6wlgwwdX4UizA8HETDfCH3KLdu2ZASokynuwVFNDJCo1DAawGw=="
    },
    "@tinyhttp/forwarded": {
      "version": "2.1.2",
      "resolved": "https://registry.npmjs.org/@tinyhttp/forwarded/-/forwarded-2.1.2.tgz",
      "integrity": "sha512-9H/eulJ68ElY/+zYpTpNhZ7vxGV+cnwaR6+oQSm7bVgZMyuQfgROW/qvZuhmgDTIxnGMXst+Ba4ij6w6Krcs3w=="
    },
    "@tinyhttp/proxy-addr": {
      "version": "2.1.3",
      "resolved": "https://registry.npmjs.org/@tinyhttp/proxy-addr/-/proxy-addr-2.1.3.tgz",
      "integrity": "sha512-Z0Q/0wEJpvall7LlBezXDy96CXLzPZb6xJawwEgsMXXQhmjb+r3EkpCBwMrWm2GlbJFL/UxKxpdumiNW3Ne06g==",
      "requires": {
        "@tinyhttp/forwarded": "2.1.2",
        "ipaddr.js": "^2.1.0"
      }
    },
    "@tinyhttp/req": {
      "version": "2.2.2",
      "resolved": "https://registry.npmjs.org/@tinyhttp/req/-/req-2.2.2.tgz",
      "integrity": "sha512-LaL/RFRro0qjOQ0g3vxE6i9bWl9hhv9en7opykzLU4NimFPg2C8wl7Qkoyc0mDuoRMQmWpq730PDWXSUmLiT2A==",
      "requires": {
        "@tinyhttp/accepts": "2.2.1",
        "@tinyhttp/type-is": "2.2.2",
        "@tinyhttp/url": "2.1.1",
        "header-range-parser": "^1.1.3"
      }
    },
    "@tinyhttp/res": {
      "version": "2.2.2",
      "resolved": "https://registry.npmjs.org/@tinyhttp/res/-/res-2.2.2.tgz",
      "integrity": "sha512-YeEYFwozag2qO5xoTj1Df+d5l6MXUefxz3xbcJD6ASVqUQytTEYtOC0FjhQKLpTLjMJKlS4mkKmeIdDLFO9btg==",
      "requires": {
        "@tinyhttp/content-disposition": "2.2.0",
        "@tinyhttp/cookie": "2.1.0",
        "@tinyhttp/cookie-signature": "2.1.0",
        "@tinyhttp/encode-url": "2.1.1",
        "@tinyhttp/req": "2.2.2",
        "@tinyhttp/send": "2.2.1",
        "@tinyhttp/vary": "^0.1.3",
        "es-escape-html": "^0.1.1",
        "mime": "4.0.1"
      }
    },
    "@tinyhttp/router": {
      "version": "2.2.2",
      "resolved": "https://registry.npmjs.org/@tinyhttp/router/-/router-2.2.2.tgz",
      "integrity": "sha512-i+1ouhPyTqcuJuOsKqmo7i+YD++0RF2lQLhBpcTnsaegD2gTEa3xW2Pcz7spYQGo7K8PQYtOrL7m9b14+BEXqg=="
    },
    "@tinyhttp/send": {
      "version": "2.2.1",
      "resolved": "https://registry.npmjs.org/@tinyhttp/send/-/send-2.2.1.tgz",
      "integrity": "sha512-uFW0fxmYIPpB5RKP2vpL8QuafjUrCBmBWxZMIhFb7uBQky87t7x1QdpRB0vc+w11a2kok+Nc8ClD5kc6CRJCFg==",
      "requires": {
        "@tinyhttp/content-type": "^0.1.4",
        "@tinyhttp/etag": "2.1.1",
        "mime": "4.0.1"
      }
    },
    "@tinyhttp/type-is": {
      "version": "2.2.2",
      "resolved": "https://registry.npmjs.org/@tinyhttp/type-is/-/type-is-2.2.2.tgz",
      "integrity": "sha512-DmTm0MkdrUxEPI2WBBoYJT0bitWx6+xeUd3lya1NGbKmYArzyUE+KVro/9y/h6Bxh+RaAKNeTCF4H/ksbe/ULQ==",
      "requires": {
        "@tinyhttp/content-type": "^0.1.4",
        "mime": "4.0.1"
      }
    },
    "@tinyhttp/url": {
      "version": "2.1.1",
      "resolved": "https://registry.npmjs.org/@tinyhttp/url/-/url-2.1.1.tgz",
      "integrity": "sha512-POJeq2GQ5jI7Zrdmj22JqOijB5/GeX+LEX7DUdml1hUnGbJOTWDx7zf2b5cCERj7RoXL67zTgyzVblBJC+NJWg=="
    },
    "@tinyhttp/vary": {
      "version": "0.1.3",
      "resolved": "https://registry.npmjs.org/@tinyhttp/vary/-/vary-0.1.3.tgz",
      "integrity": "sha512-SoL83sQXAGiHN1jm2VwLUWQSQeDAAl1ywOm6T0b0Cg1CZhVsjoiZadmjhxF6FHCCY7OHHVaLnTgSMxTPIDLxMg=="
    },
    "@types/http-cache-semantics": {
      "version": "4.0.4",
      "resolved": "https://registry.npmjs.org/@types/http-cache-semantics/-/http-cache-semantics-4.0.4.tgz",
      "integrity": "sha512-1m0bIFVc7eJWyve9S0RnuRgcQqF/Xd5QsUZAZeQFr1Q3/p9JWoQQEqmVy+DPTNpGXwhgIetAoYF8JSc33q29QA=="
    },
    "anymatch": {
      "version": "3.1.3",
      "resolved": "https://registry.npmjs.org/anymatch/-/anymatch-3.1.3.tgz",
      "integrity": "sha512-KMReFUr0B4t+D+OBkjR3KYqvocp2XaSzO55UcB6mgQMd3KbcE+mWTyvVV7D/zsdEbNnV6acZUutkiHQXvTr1Rw==",
      "requires": {
        "normalize-path": "^3.0.0",
        "picomatch": "^2.0.4"
      }
    },
    "binary-extensions": {
      "version": "2.2.0",
      "resolved": "https://registry.npmjs.org/binary-extensions/-/binary-extensions-2.2.0.tgz",
      "integrity": "sha512-jDctJ/IVQbZoJykoeHbhXpOlNBqGNcwXJKJog42E5HDPUwQTSdjCHdihjj0DlnheQ7blbT6dHOafNAiS8ooQKA=="
    },
    "braces": {
      "version": "3.0.2",
      "resolved": "https://registry.npmjs.org/braces/-/braces-3.0.2.tgz",
      "integrity": "sha512-b8um+L1RzM3WDSzvhm6gIz1yfTbBt6YTlcEKAvsmqCZZFw46z626lVj9j1yEPW33H5H+lBQpZMP1k8l+78Ha0A==",
      "requires": {
        "fill-range": "^7.0.1"
      }
    },
    "cacheable-lookup": {
      "version": "7.0.0",
      "resolved": "https://registry.npmjs.org/cacheable-lookup/-/cacheable-lookup-7.0.0.tgz",
      "integrity": "sha512-+qJyx4xiKra8mZrcwhjMRMUhD5NR1R8esPkzIYxX96JiecFoxAXFuz/GpR3+ev4PE1WamHip78wV0vcmPQtp8w=="
    },
    "cacheable-request": {
      "version": "10.2.14",
      "resolved": "https://registry.npmjs.org/cacheable-request/-/cacheable-request-10.2.14.tgz",
      "integrity": "sha512-zkDT5WAF4hSSoUgyfg5tFIxz8XQK+25W/TLVojJTMKBaxevLBBtLxgqguAuVQB8PVW79FVjHcU+GJ9tVbDZ9mQ==",
      "requires": {
        "@types/http-cache-semantics": "^4.0.2",
        "get-stream": "^6.0.1",
        "http-cache-semantics": "^4.1.1",
        "keyv": "^4.5.3",
        "mimic-response": "^4.0.0",
        "normalize-url": "^8.0.0",
        "responselike": "^3.0.0"
      },
      "dependencies": {
        "get-stream": {
          "version": "6.0.1",
          "resolved": "https://registry.npmjs.org/get-stream/-/get-stream-6.0.1.tgz",
          "integrity": "sha512-ts6Wi+2j3jQjqi70w5AlN8DFnkSwC+MqmxEzdEALB2qXZYV3X/b1CTfgPLGJNMeAWxdPfU8FO1ms3NUfaHCPYg=="
        }
      }
    },
    "chalk": {
      "version": "5.3.0",
      "resolved": "https://registry.npmjs.org/chalk/-/chalk-5.3.0.tgz",
      "integrity": "sha512-dLitG79d+GV1Nb/VYcCDFivJeK1hiukt9QjRNVOsUtTy1rR1YJsmpGGTZ3qJos+uw7WmWF4wUwBd9jxjocFC2w=="
    },
    "chokidar": {
      "version": "3.6.0",
      "resolved": "https://registry.npmjs.org/chokidar/-/chokidar-3.6.0.tgz",
      "integrity": "sha512-7VT13fmjotKpGipCW9JEQAusEPE+Ei8nl6/g4FBAmIm0GOOLMua9NDDo/DWp0ZAxCr3cPq5ZpBqmPAQgDda2Pw==",
      "requires": {
        "anymatch": "~3.1.2",
        "braces": "~3.0.2",
        "fsevents": "~2.3.2",
        "glob-parent": "~5.1.2",
        "is-binary-path": "~2.1.0",
        "is-glob": "~4.0.1",
        "normalize-path": "~3.0.0",
        "readdirp": "~3.6.0"
      }
    },
    "decompress-response": {
      "version": "6.0.0",
      "resolved": "https://registry.npmjs.org/decompress-response/-/decompress-response-6.0.0.tgz",
      "integrity": "sha512-aW35yZM6Bb/4oJlZncMH2LCoZtJXTRxES17vE3hoRiowU2kWHaJKFkSBDnDR+cm9J+9QhXmREyIfv0pji9ejCQ==",
      "requires": {
        "mimic-response": "^3.1.0"
      },
      "dependencies": {
        "mimic-response": {
          "version": "3.1.0",
          "resolved": "https://registry.npmjs.org/mimic-response/-/mimic-response-3.1.0.tgz",
          "integrity": "sha512-z0yWI+4FDrrweS8Zmt4Ej5HdJmky15+L2e6Wgn3+iK5fWzb6T3fhNFq2+MeTRb064c6Wr4N/wv0DzQTjNzHNGQ=="
        }
      }
    },
    "defer-to-connect": {
      "version": "2.0.1",
      "resolved": "https://registry.npmjs.org/defer-to-connect/-/defer-to-connect-2.0.1.tgz",
      "integrity": "sha512-4tvttepXG1VaYGrRibk5EwJd1t4udunSOVMdLSAL6mId1ix438oPwPZMALY41FCijukO1L0twNcGsdzS7dHgDg=="
    },
    "dot-prop": {
      "version": "8.0.2",
      "resolved": "https://registry.npmjs.org/dot-prop/-/dot-prop-8.0.2.tgz",
      "integrity": "sha512-xaBe6ZT4DHPkg0k4Ytbvn5xoxgpG0jOS1dYxSOwAHPuNLjP3/OzN0gH55SrLqpx8cBfSaVt91lXYkApjb+nYdQ==",
      "requires": {
        "type-fest": "^3.8.0"
      }
    },
    "es-escape-html": {
      "version": "0.1.1",
      "resolved": "https://registry.npmjs.org/es-escape-html/-/es-escape-html-0.1.1.tgz",
      "integrity": "sha512-yUx1o+8RsG7UlszmYPtks+dm6Lho2m8lgHMOsLJQsFI0R8XwUJwiMhM1M4E/S8QLeGyf6MkDV/pWgjQ0tdTSyQ=="
    },
    "es-vary": {
      "version": "0.1.2",
      "resolved": "https://registry.npmjs.org/es-vary/-/es-vary-0.1.2.tgz",
      "integrity": "sha512-pLqqZoOutAXQXyBJrUYVNM5fZngiOJYi1Xl4svQMrluTsqDUOQlBMw9EYgLrsWL6niDYn/Yd1y2Pj6GC+j/yjA=="
    },
    "eta": {
      "version": "3.2.0",
      "resolved": "https://registry.npmjs.org/eta/-/eta-3.2.0.tgz",
      "integrity": "sha512-Qzc3it7nLn49dbOb9+oHV9rwtt9qN8oShRztqkZ3gXPqQflF0VLin5qhWk0g/2ioibBwT4DU6OIMVft7tg/rVg=="
    },
    "fill-range": {
      "version": "7.0.1",
      "resolved": "https://registry.npmjs.org/fill-range/-/fill-range-7.0.1.tgz",
      "integrity": "sha512-qOo9F+dMUmC2Lcb4BbVvnKJxTPjCm+RRpe4gDuGrzkL7mEVl/djYSu2OdQ2Pa302N4oqkSg9ir6jaLWJ2USVpQ==",
      "requires": {
        "to-regex-range": "^5.0.1"
      }
    },
    "form-data-encoder": {
      "version": "4.0.2",
      "resolved": "https://registry.npmjs.org/form-data-encoder/-/form-data-encoder-4.0.2.tgz",
      "integrity": "sha512-KQVhvhK8ZkWzxKxOr56CPulAhH3dobtuQ4+hNQ+HekH/Wp5gSOafqRAeTphQUJAIk0GBvHZgJ2ZGRWd5kphMuw=="
    },
    "fsevents": {
      "version": "2.3.3",
      "resolved": "https://registry.npmjs.org/fsevents/-/fsevents-2.3.3.tgz",
      "integrity": "sha512-5xoDfX+fL7faATnagmWPpbFtwh/R77WmMMqqHGS65C3vvB0YHrgF+B1YmZ3441tMj5n63k0212XNoJwzlhffQw==",
      "optional": true
    },
    "get-stream": {
      "version": "8.0.1",
      "resolved": "https://registry.npmjs.org/get-stream/-/get-stream-8.0.1.tgz",
      "integrity": "sha512-VaUJspBffn/LMCJVoMvSAdmscJyS1auj5Zulnn5UoYcY531UWmdwhRWkcGKnGU93m5HSXP9LP2usOryrBtQowA=="
    },
    "glob-parent": {
      "version": "5.1.2",
      "resolved": "https://registry.npmjs.org/glob-parent/-/glob-parent-5.1.2.tgz",
      "integrity": "sha512-AOIgSQCepiJYwP3ARnGx+5VnTu2HBYdzbGP45eLw1vr3zB3vZLeyed1sC9hnbcOc9/SrMyM5RPQrkGz4aS9Zow==",
      "requires": {
        "is-glob": "^4.0.1"
      }
    },
    "got": {
      "version": "14.2.0",
      "resolved": "https://registry.npmjs.org/got/-/got-14.2.0.tgz",
      "integrity": "sha512-dBq2KkHcQl3AwPoIWsLsQScCPpUgRulz1qZVthjPYKYOPmYfBnekR3vxecjZbm91Vc3JUGnV9mqFX7B+Fe2quw==",
      "requires": {
        "@sindresorhus/is": "^6.1.0",
        "@szmarczak/http-timer": "^5.0.1",
        "cacheable-lookup": "^7.0.0",
        "cacheable-request": "^10.2.14",
        "decompress-response": "^6.0.0",
        "form-data-encoder": "^4.0.2",
        "get-stream": "^8.0.1",
        "http2-wrapper": "^2.2.1",
        "lowercase-keys": "^3.0.0",
        "p-cancelable": "^4.0.1",
        "responselike": "^3.0.0"
      }
    },
    "header-range-parser": {
      "version": "1.1.3",
      "resolved": "https://registry.npmjs.org/header-range-parser/-/header-range-parser-1.1.3.tgz",
      "integrity": "sha512-B9zCFt3jH8g09LR1vHL4pcAn8yMEtlSlOUdQemzHMRKMImNIhhszdeosYFfNW0WXKQtXIlWB+O4owHJKvEJYaA=="
    },
    "http-cache-semantics": {
      "version": "4.1.1",
      "resolved": "https://registry.npmjs.org/http-cache-semantics/-/http-cache-semantics-4.1.1.tgz",
      "integrity": "sha512-er295DKPVsV82j5kw1Gjt+ADA/XYHsajl82cGNQG2eyoPkvgUhX+nDIyelzhIWbbsXP39EHcI6l5tYs2FYqYXQ=="
    },
    "http2-wrapper": {
      "version": "2.2.1",
      "resolved": "https://registry.npmjs.org/http2-wrapper/-/http2-wrapper-2.2.1.tgz",
      "integrity": "sha512-V5nVw1PAOgfI3Lmeaj2Exmeg7fenjhRUgz1lPSezy1CuhPYbgQtbQj4jZfEAEMlaL+vupsvhjqCyjzob0yxsmQ==",
      "requires": {
        "quick-lru": "^5.1.1",
        "resolve-alpn": "^1.2.0"
      }
    },
    "inflection": {
      "version": "3.0.0",
      "resolved": "https://registry.npmjs.org/inflection/-/inflection-3.0.0.tgz",
      "integrity": "sha512-1zEJU1l19SgJlmwqsEyFTbScw/tkMHFenUo//Y0i+XEP83gDFdMvPizAD/WGcE+l1ku12PcTVHQhO6g5E0UCMw=="
    },
    "ipaddr.js": {
      "version": "2.1.0",
      "resolved": "https://registry.npmjs.org/ipaddr.js/-/ipaddr.js-2.1.0.tgz",
      "integrity": "sha512-LlbxQ7xKzfBusov6UMi4MFpEg0m+mAm9xyNGEduwXMEDuf4WfzB/RZwMVYEd7IKGvh4IUkEXYxtAVu9T3OelJQ=="
    },
    "is-binary-path": {
      "version": "2.1.0",
      "resolved": "https://registry.npmjs.org/is-binary-path/-/is-binary-path-2.1.0.tgz",
      "integrity": "sha512-ZMERYes6pDydyuGidse7OsHxtbI7WVeUEozgR/g7rd0xUimYNlvZRE/K2MgZTjWy725IfelLeVcEM97mmtRGXw==",
      "requires": {
        "binary-extensions": "^2.0.0"
      }
    },
    "is-extglob": {
      "version": "2.1.1",
      "resolved": "https://registry.npmjs.org/is-extglob/-/is-extglob-2.1.1.tgz",
      "integrity": "sha512-SbKbANkN603Vi4jEZv49LeVJMn4yGwsbzZworEoyEiutsN3nJYdbO36zfhGJ6QEDpOZIFkDtnq5JRxmvl3jsoQ=="
    },
    "is-glob": {
      "version": "4.0.3",
      "resolved": "https://registry.npmjs.org/is-glob/-/is-glob-4.0.3.tgz",
      "integrity": "sha512-xelSayHH36ZgE7ZWhli7pW34hNbNl8Ojv5KVmkJD4hBdD3th8Tfk9vYasLM+mXWOZhFkgZfxhLSnrwRr4elSSg==",
      "requires": {
        "is-extglob": "^2.1.1"
      }
    },
    "is-number": {
      "version": "7.0.0",
      "resolved": "https://registry.npmjs.org/is-number/-/is-number-7.0.0.tgz",
      "integrity": "sha512-41Cifkg6e8TylSpdtTpeLVMqvSBEVzTttHvERD741+pnZ8ANv0004MRL43QKPDlK9cGvNp6NZWZUBlbGXYxxng=="
    },
    "jquery": {
      "version": "3.7.1",
      "resolved": "https://registry.npmjs.org/jquery/-/jquery-3.7.1.tgz",
      "integrity": "sha512-m4avr8yL8kmFN8psrbFFFmB/If14iN5o9nw/NgnnM+kybDJpRsAynV2BsfpTYrTRysYUdADVD7CkUUizgkpLfg=="
    },
    "json-buffer": {
      "version": "3.0.1",
      "resolved": "https://registry.npmjs.org/json-buffer/-/json-buffer-3.0.1.tgz",
      "integrity": "sha512-4bV5BfR2mqfQTJm+V5tPPdf+ZpuhiIvTuAB5g8kcrXOZpTT/QwwVRWBywX1ozr6lEuPdbHxwaJlm9G6mI2sfSQ=="
    },
    "json-server": {
      "version": "1.0.0-alpha.23",
      "resolved": "https://registry.npmjs.org/json-server/-/json-server-1.0.0-alpha.23.tgz",
      "integrity": "sha512-FPL1veNELhkr3tttwbIutKPkc/AUfLWSmslTwLYYPzl9RbCJQrwSPJceYWg2LnK1cv20tcEMLI2Kxl1lHz155Q==",
      "requires": {
        "@tinyhttp/app": "^2.2.3",
        "@tinyhttp/cors": "^2.0.0",
        "chalk": "^5.3.0",
        "chokidar": "^3.5.3",
        "dot-prop": "^8.0.2",
        "eta": "^3.2.0",
        "inflection": "^3.0.0",
        "json5": "^2.2.3",
        "lowdb": "^7.0.1",
        "milliparsec": "^2.3.0",
        "sirv": "^2.0.4",
        "sort-on": "^6.0.0"
      }
    },
    "json5": {
      "version": "2.2.3",
      "resolved": "https://registry.npmjs.org/json5/-/json5-2.2.3.tgz",
      "integrity": "sha512-XmOWe7eyHYH14cLdVPoyg+GOH3rYX++KpzrylJwSW98t3Nk+U8XOl8FWKOgwtzdb8lXGf6zYwDUzeHMWfxasyg=="
    },
    "keyv": {
      "version": "4.5.4",
      "resolved": "https://registry.npmjs.org/keyv/-/keyv-4.5.4.tgz",
      "integrity": "sha512-oxVHkHR/EJf2CNXnWxRLW6mg7JyCCUcG0DtEGmL2ctUo1PNTin1PUil+r/+4r5MpVgC/fn1kjsx7mjSujKqIpw==",
      "requires": {
        "json-buffer": "3.0.1"
      }
    },
    "lowdb": {
      "version": "7.0.1",
      "resolved": "https://registry.npmjs.org/lowdb/-/lowdb-7.0.1.tgz",
      "integrity": "sha512-neJAj8GwF0e8EpycYIDFqEPcx9Qz4GUho20jWFR7YiFeXzF1YMLdxB36PypcTSPMA+4+LvgyMacYhlr18Zlymw==",
      "requires": {
        "steno": "^4.0.2"
      }
    },
    "lowercase-keys": {
      "version": "3.0.0",
      "resolved": "https://registry.npmjs.org/lowercase-keys/-/lowercase-keys-3.0.0.tgz",
      "integrity": "sha512-ozCC6gdQ+glXOQsveKD0YsDy8DSQFjDTz4zyzEHNV5+JP5D62LmfDZ6o1cycFx9ouG940M5dE8C8CTewdj2YWQ=="
    },
    "milliparsec": {
      "version": "2.3.0",
      "resolved": "https://registry.npmjs.org/milliparsec/-/milliparsec-2.3.0.tgz",
      "integrity": "sha512-b+6KYJw+DwQjk24qCUuq+lZvRXDpXJ02qsllKgKaDurHpQ0v7D5op9VAkdYM/pXRhFeh7uLYHmnwFnYvdXGa3A=="
    },
    "mime": {
      "version": "4.0.1",
      "resolved": "https://registry.npmjs.org/mime/-/mime-4.0.1.tgz",
      "integrity": "sha512-5lZ5tyrIfliMXzFtkYyekWbtRXObT9OWa8IwQ5uxTBDHucNNwniRqo0yInflj+iYi5CBa6qxadGzGarDfuEOxA=="
    },
    "mimic-response": {
      "version": "4.0.0",
      "resolved": "https://registry.npmjs.org/mimic-response/-/mimic-response-4.0.0.tgz",
      "integrity": "sha512-e5ISH9xMYU0DzrT+jl8q2ze9D6eWBto+I8CNpe+VI+K2J/F/k3PdkdTdz4wvGVH4NTpo+NRYTVIuMQEMMcsLqg=="
    },
    "mrmime": {
      "version": "2.0.0",
      "resolved": "https://registry.npmjs.org/mrmime/-/mrmime-2.0.0.tgz",
      "integrity": "sha512-eu38+hdgojoyq63s+yTpN4XMBdt5l8HhMhc4VKLO9KM5caLIBvUm4thi7fFaxyTmCKeNnXZ5pAlBwCUnhA09uw=="
    },
    "negotiator": {
      "version": "0.6.3",
      "resolved": "https://registry.npmjs.org/negotiator/-/negotiator-0.6.3.tgz",
      "integrity": "sha512-+EUsqGPLsM+j/zdChZjsnX51g4XrHFOIXwfnCVPGlQk/k5giakcKsuxCObBRu6DSm9opw/O6slWbJdghQM4bBg=="
    },
    "normalize-path": {
      "version": "3.0.0",
      "resolved": "https://registry.npmjs.org/normalize-path/-/normalize-path-3.0.0.tgz",
      "integrity": "sha512-6eZs5Ls3WtCisHWp9S2GUy8dqkpGi4BVSz3GaqiE6ezub0512ESztXUwUB6C6IKbQkY2Pnb/mD4WYojCRwcwLA=="
    },
    "normalize-url": {
      "version": "8.0.0",
      "resolved": "https://registry.npmjs.org/normalize-url/-/normalize-url-8.0.0.tgz",
      "integrity": "sha512-uVFpKhj5MheNBJRTiMZ9pE/7hD1QTeEvugSJW/OmLzAp78PB5O6adfMNTvmfKhXBkvCzC+rqifWcVYpGFwTjnw=="
    },
    "p-cancelable": {
      "version": "4.0.1",
      "resolved": "https://registry.npmjs.org/p-cancelable/-/p-cancelable-4.0.1.tgz",
      "integrity": "sha512-wBowNApzd45EIKdO1LaU+LrMBwAcjfPaYtVzV3lmfM3gf8Z4CHZsiIqlM8TZZ8okYvh5A1cP6gTfCRQtwUpaUg=="
    },
    "picomatch": {
      "version": "2.3.1",
      "resolved": "https://registry.npmjs.org/picomatch/-/picomatch-2.3.1.tgz",
      "integrity": "sha512-JU3teHTNjmE2VCGFzuY8EXzCDVwEqB2a8fsIvwaStHhAWJEeVd1o1QD80CU6+ZdEXXSLbSsuLwJjkCBWqRQUVA=="
    },
    "quick-lru": {
      "version": "5.1.1",
      "resolved": "https://registry.npmjs.org/quick-lru/-/quick-lru-5.1.1.tgz",
      "integrity": "sha512-WuyALRjWPDGtt/wzJiadO5AXY+8hZ80hVpe6MyivgraREW751X3SbhRvG3eLKOYN+8VEvqLcf3wdnt44Z4S4SA=="
    },
    "readdirp": {
      "version": "3.6.0",
      "resolved": "https://registry.npmjs.org/readdirp/-/readdirp-3.6.0.tgz",
      "integrity": "sha512-hOS089on8RduqdbhvQ5Z37A0ESjsqz6qnRcffsMU3495FuTdqSm+7bhJ29JvIOsBDEEnan5DPu9t3To9VRlMzA==",
      "requires": {
        "picomatch": "^2.2.1"
      }
    },
    "regexparam": {
      "version": "2.0.2",
      "resolved": "https://registry.npmjs.org/regexparam/-/regexparam-2.0.2.tgz",
      "integrity": "sha512-A1PeDEYMrkLrfyOwv2jwihXbo9qxdGD3atBYQA9JJgreAx8/7rC6IUkWOw2NQlOxLp2wL0ifQbh1HuidDfYA6w=="
    },
    "resolve-alpn": {
      "version": "1.2.1",
      "resolved": "https://registry.npmjs.org/resolve-alpn/-/resolve-alpn-1.2.1.tgz",
      "integrity": "sha512-0a1F4l73/ZFZOakJnQ3FvkJ2+gSTQWz/r2KE5OdDY0TxPm5h4GkqkWWfM47T7HsbnOtcJVEF4epCVy6u7Q3K+g=="
    },
    "responselike": {
      "version": "3.0.0",
      "resolved": "https://registry.npmjs.org/responselike/-/responselike-3.0.0.tgz",
      "integrity": "sha512-40yHxbNcl2+rzXvZuVkrYohathsSJlMTXKryG5y8uciHv1+xDLHQpgjG64JUO9nrEq2jGLH6IZ8BcZyw3wrweg==",
      "requires": {
        "lowercase-keys": "^3.0.0"
      }
    },
    "sirv": {
      "version": "2.0.4",
      "resolved": "https://registry.npmjs.org/sirv/-/sirv-2.0.4.tgz",
      "integrity": "sha512-94Bdh3cC2PKrbgSOUqTiGPWVZeSiXfKOVZNJniWoqrWrRkB1CJzBU3NEbiTsPcYy1lDsANA/THzS+9WBiy5nfQ==",
      "requires": {
        "@polka/url": "^1.0.0-next.24",
        "mrmime": "^2.0.0",
        "totalist": "^3.0.0"
      }
    },
    "sort-on": {
      "version": "6.0.0",
      "resolved": "https://registry.npmjs.org/sort-on/-/sort-on-6.0.0.tgz",
      "integrity": "sha512-d51VlJWoFQjp+cIZRyNusCyJdP5pLAw+H+sC4C2q6RhPBv+RAb/QXXck5q3Kdm7h/ot/kD2AlpGPDee8v+0qiA==",
      "requires": {
        "dot-prop": "^8.0.2"
      }
    },
    "steno": {
      "version": "4.0.2",
      "resolved": "https://registry.npmjs.org/steno/-/steno-4.0.2.tgz",
      "integrity": "sha512-yhPIQXjrlt1xv7dyPQg2P17URmXbuM5pdGkpiMB3RenprfiBlvK415Lctfe0eshk90oA7/tNq7WEiMK8RSP39A=="
    },
    "to-regex-range": {
      "version": "5.0.1",
      "resolved": "https://registry.npmjs.org/to-regex-range/-/to-regex-range-5.0.1.tgz",
      "integrity": "sha512-65P7iz6X5yEr1cwcgvQxbbIw7Uk3gOy5dIdtZ4rDveLqhrdJP+Li/Hx6tyK0NEb+2GCyneCMJiGqrADCSNk8sQ==",
      "requires": {
        "is-number": "^7.0.0"
      }
    },
    "totalist": {
      "version": "3.0.1",
      "resolved": "https://registry.npmjs.org/totalist/-/totalist-3.0.1.tgz",
      "integrity": "sha512-sf4i37nQ2LBx4m3wB74y+ubopq6W/dIzXg0FDGjsYnZHVa1Da8FH853wlL2gtUhg+xJXjfk3kUZS3BRoQeoQBQ=="
    },
    "type-fest": {
      "version": "3.13.1",
      "resolved": "https://registry.npmjs.org/type-fest/-/type-fest-3.13.1.tgz",
      "integrity": "sha512-tLq3bSNx+xSpwvAJnzrK0Ep5CLNWjvFTOp71URMaAEWBfRb9nnJiBoUe0tF8bI4ZFO3omgBR6NvnbzVUT3Ly4g=="
    }
  }
}
